github.com/giantswarm/microerror v0.2.0 h1:SaE7S34mp/wEiQkgtPiq8wQbNUTCj1gjiCWPjO3wgJo=
github.com/giantswarm/microerror v0.2.0/go.mod h1:1YtJq/m7Vlq1Y6NP7B+SODOKCGlG7e5wctV2OoE9n34=
github.com/google/go-cmp v0.3.1 h1:Xye71clBPdm5HgqGwUkwhbynsUJZhDbS20FvLhQ2izg=
github.com/google/go-cmp v0.3.1/go.mod h1:8QqcDgzrUqlUb/G2PQTWiueGozuR1884gddMywk6iLU=
